{
    "_readme": [
        "This file locks the dependencies of your project to a known state",
        "Read more about it at https://getcomposer.org/doc/01-basic-usage.md#installing-dependencies",
        "This file is @generated automatically"
    ],
    "content-hash": "660c2856f5d4a20c82276e2b306ce81c",
    "packages": [
        {
            "name": "websyspro/logger",
            "version": "1.0.29",
            "source": {
                "type": "git",
                "url": "https://github.com/websyspro/logger.git",
                "reference": "afa09a62abc587501989b7df252176a64924b94a"
            },
            "dist": {
                "type": "zip",
                "url": "https://api.github.com/repos/websyspro/logger/zipball/afa09a62abc587501989b7df252176a64924b94a",
                "reference": "afa09a62abc587501989b7df252176a64924b94a",
                "shasum": ""
            },
            "require": {
                "php": ">=7.4"
            },
            "require-dev": {
                "websyspro/package": "^1.0"
            },
            "type": "library",
            "autoload": {
                "psr-4": {
                    "Websyspro\\Logger\\": "src/"
                }
            },
            "notification-url": "https://packagist.org/downloads/",
            "license": [
                "MIT"
            ],
            "authors": [
                {
                    "name": "websyspro",
                    "email": "websyspro.services@gmail.com"
                }
            ],
            "description": "Library for logs in server api",
            "support": {
                "issues": "https://github.com/websyspro/logger/issues",
                "source": "https://github.com/websyspro/logger/tree/1.0.29"
            },
            "time": "2026-08-09T20:25:37+00:00"
        },
        {
            "name": "websyspro/package",
            "version": "1.0.80",
            "source": {
                "type": "git",
                "url": "https://github.com/websyspro/package.git",
                "reference": "09a2f82711c9e682c362bc54469befb8af01254d"
            },
            "dist": {
                "type": "zip",
                "url": "https://api.github.com/repos/websyspro/package/zipball/09a2f82711c9e682c362bc54469befb8af01254d",
                "reference": "09a2f82711c9e682c362bc54469befb8af01254d",
                "shasum": ""
            },
            "bin": [
                "bin/publish"
            ],
            "type": "library",
            "autoload": {
                "psr-4": {
                    "Websyspro\\Package\\": "src/"
                }
            },
            "notification-url": "https://packagist.org/downloads/",
            "license": [
                "MIT"
            ],
            "authors": [
                {
                    "name": "websyspro",
                    "email": "websyspro.services@gmail.com"
                }
            ],
            "description": "Version Management",
            "support": {
                "issues": "https://github.com/websyspro/package/issues",
                "source": "https://github.com/websyspro/package/tree/1.0.80"
            },
            "time": "2026-08-08T18:29:58+00:00"
        },
        {
            "name": "websyspro/utils",
            "version": "1.0.12",
            "source": {
                "type": "git",
                "url": "https://github.com/websyspro/utils.git",
                "reference": "881e8b52248814933b6ad25ba3a96c3d6d5ee880"
            },
            "dist": {
                "type": "zip",
                "url": "https://api.github.com/repos/websyspro/utils/zipball/881e8b52248814933b6ad25ba3a96c3d6d5ee880",
                "reference": "881e8b52248814933b6ad25ba3a96c3d6d5ee880",
                "shasum": ""
            },
            "require": {
                "websyspro/package": "^1.0"
            },
            "type": "library",
            "autoload": {
                "psr-4": {
                    "Websyspro\\Utils\\": "src/"
                }
            },
            "notification-url": "https://packagist.org/downloads/",
            "license": [
                "MIT"
            ],
            "authors": [
                {
                    "name": "websyspro",
                    "email": "websyspro.services@gmail.com"
                }
            ],
            "description": "Set of features for front-end and back-end development",
            "support": {
                "issues": "https://github.com/websyspro/utils/issues",
                "source": "https://github.com/websyspro/utils/tree/1.0.12"
            },
            "time": "2026-08-08T19:22:34+00:00"
        }
    ],
    "packages-dev": [],
    "aliases": [],
    "minimum-stability": "dev",
    "stability-flags": {},
    "prefer-stable": true,
    "prefer-lowest": false,
    "platform": {},
    "platform-dev": {},
    "plugin-api-version": "2.9.0"
}
