{
    "_readme": [
        "This file locks the dependencies of your project to a known state",
        "Read more about it at https://getcomposer.org/doc/01-basic-usage.md#installing-dependencies",
        "This file is @generated automatically"
    ],
    "content-hash": "8dbea119dfa02c0333caabb02d1f8d43",
    "packages": [
        {
            "name": "websyspro/package",
            "version": "1.0.80",
            "source": {
                "type": "git",
                "url": "https://github.com/websyspro/package.git",
                "reference": "09a2f82711c9e682c362bc54469befb8af01254d"
            },
            "dist": {
                "type": "zip",
                "url": "https://api.github.com/repos/websyspro/package/zipball/09a2f82711c9e682c362bc54469befb8af01254d",
                "reference": "09a2f82711c9e682c362bc54469befb8af01254d",
                "shasum": ""
            },
            "bin": [
                "bin/publish"
            ],
            "type": "library",
            "autoload": {
                "psr-4": {
                    "Websyspro\\Package\\": "src/"
                }
            },
            "notification-url": "https://packagist.org/downloads/",
            "license": [
                "MIT"
            ],
            "authors": [
                {
                    "name": "websyspro",
                    "email": "websyspro.services@gmail.com"
                }
            ],
            "description": "Version Management",
            "support": {
                "issues": "https://github.com/websyspro/package/issues",
                "source": "https://github.com/websyspro/package/tree/1.0.80"
            },
            "time": "2026-08-08T18:29:58+00:00"
        },
        {
            "name": "websyspro/utils",
            "version": "1.0.3",
            "source": {
                "type": "git",
                "url": "https://github.com/websyspro/utils.git",
                "reference": "e9c947e5d089704d8913e9bea5d1dba38bbb51c4"
            },
            "dist": {
                "type": "zip",
                "url": "https://api.github.com/repos/websyspro/utils/zipball/e9c947e5d089704d8913e9bea5d1dba38bbb51c4",
                "reference": "e9c947e5d089704d8913e9bea5d1dba38bbb51c4",
                "shasum": ""
            },
            "require": {
                "websyspro/package": "^1.0"
            },
            "type": "library",
            "autoload": {
                "psr-4": {
                    "Websyspro\\Utils\\": "src/"
                }
            },
            "notification-url": "https://packagist.org/downloads/",
            "license": [
                "MIT"
            ],
            "authors": [
                {
                    "name": "websyspro",
                    "email": "websyspro.services@gmail.com"
                }
            ],
            "description": "Set of features for front-end and back-end development",
            "support": {
                "issues": "https://github.com/websyspro/utils/issues",
                "source": "https://github.com/websyspro/utils/tree/v1.0.3"
            },
            "time": "2026-08-07T01:23:20+00:00"
        }
    ],
    "packages-dev": [],
    "aliases": [],
    "minimum-stability": "dev",
    "stability-flags": {},
    "prefer-stable": true,
    "prefer-lowest": false,
    "platform": {},
    "platform-dev": {},
    "plugin-api-version": "2.9.0"
}
